
Microsoft Visual Studio Solution File, Format Version 12.00
# Visual Studio Version 17
VisualStudioVersion = 17.4.33122.133
MinimumVisualStudioVersion = 10.0.40219.1
Project("{888888A0-9F3D-457C-B088-3A5042F75D52}") = "Tic Tac Toe Python", "Tic Tac Toe Python\Tic Tac Toe Python.pyproj", "{3913040A-64E3-405A-AD13-AB2AC333DCBB}"
EndProject
Global
	GlobalSection(SolutionConfigurationPlatforms) = preSolution
		Debug|Any CPU = Debug|Any CPU
		Release|Any CPU = Release|Any CPU
	EndGlobalSection
	GlobalSection(ProjectConfigurationPlatforms) = postSolution
		{3913040A-64E3-405A-AD13-AB2AC333DCBB}.Debug|Any CPU.ActiveCfg = Debug|Any CPU
		{3913040A-64E3-405A-AD13-AB2AC333DCBB}.Release|Any CPU.ActiveCfg = Release|Any CPU
	EndGlobalSection
	GlobalSection(SolutionProperties) = preSolution
		HideSolutionNode = FALSE
	EndGlobalSection
	GlobalSection(ExtensibilityGlobals) = postSolution
		SolutionGuid = {209ABCCA-5E59-4EDC-98B8-DC9CA51D812B}
	EndGlobalSection
EndGlobal
